
Microsoft Visual Studio Solution File, Format Version 12.00
# Visual Studio Version 16
VisualStudioVersion = 16.0.810.8
MinimumVisualStudioVersion = 10.0.40219.1
Project("{FAE04EC0-301F-11D3-BF4B-00C04F79EFBC}") = "HelloWorld", "HelloWorld\HelloWorld.csproj", "{F5E5A7D6-2337-44F7-9D8F-D6514607AB11}"
EndProject
Project("{FAE04EC0-301F-11D3-BF4B-00C04F79EFBC}") = "test1", "test1\test1.csproj", "{C0180BFA-C2D0-43C3-A4BD-30D1B5CC3FE8}"
EndProject
Global
	GlobalSection(SolutionConfigurationPlatforms) = preSolution
		Debug|Any CPU = Debug|Any CPU
		Release|Any CPU = Release|Any CPU
	EndGlobalSection
	GlobalSection(ProjectConfigurationPlatforms) = postSolution
		{F5E5A7D6-2337-44F7-9D8F-D6514607AB11}.Debug|Any CPU.ActiveCfg = Debug|Any CPU
		{F5E5A7D6-2337-44F7-9D8F-D6514607AB11}.Debug|Any CPU.Build.0 = Debug|Any CPU
		{F5E5A7D6-2337-44F7-9D8F-D6514607AB11}.Release|Any CPU.ActiveCfg = Release|Any CPU
		{F5E5A7D6-2337-44F7-9D8F-D6514607AB11}.Release|Any CPU.Build.0 = Release|Any CPU
		{C0180BFA-C2D0-43C3-A4BD-30D1B5CC3FE8}.Debug|Any CPU.ActiveCfg = Debug|Any CPU
		{C0180BFA-C2D0-43C3-A4BD-30D1B5CC3FE8}.Debug|Any CPU.Build.0 = Debug|Any CPU
		{C0180BFA-C2D0-43C3-A4BD-30D1B5CC3FE8}.Release|Any CPU.ActiveCfg = Release|Any CPU
		{C0180BFA-C2D0-43C3-A4BD-30D1B5CC3FE8}.Release|Any CPU.Build.0 = Release|Any CPU
	EndGlobalSection
	GlobalSection(SolutionProperties) = preSolution
		HideSolutionNode = FALSE
	EndGlobalSection
	GlobalSection(ExtensibilityGlobals) = postSolution
		SolutionGuid = {B0D0347F-317F-48CB-9FE0-08FBDDDDAB81}
	EndGlobalSection
EndGlobal
